{
  "requires": true,
  "lockfileVersion": 1,
  "dependencies": {
    "urimedina-frame-print": {
      "version": "1.0.0",
      "resolved": "https://registry.npmjs.org/urimedina-frame-print/-/urimedina-frame-print-1.0.0.tgz",
      "integrity": "sha512-EG2FccUV70Dg8pdQRbn+hX2UhzDJDSeMU1zoLk+Hni15140AerxeQV1ptqq33Z0IavXwr35LDjDsY4porKyJbQ=="
    }
  }
}
